
Microsoft Visual Studio Solution File, Format Version 12.00
# Visual Studio Version 17
VisualStudioVersion = 17.10.35027.167
MinimumVisualStudioVersion = 10.0.40219.1
Project("{FAE04EC0-301F-11D3-BF4B-00C04F79EFBC}") = "FishS2Sharp", "FishS2Sharp\FishS2Sharp.csproj", "{F7312E50-2356-428A-B148-C619FAC47048}"
EndProject
Global
	GlobalSection(SolutionConfigurationPlatforms) = preSolution
		Debug|Any CPU = Debug|Any CPU
		Debug|x64 = Debug|x64
		Release|Any CPU = Release|Any CPU
		Release|x64 = Release|x64
	EndGlobalSection
	GlobalSection(ProjectConfigurationPlatforms) = postSolution
		{F7312E50-2356-428A-B148-C619FAC47048}.Debug|Any CPU.ActiveCfg = Debug|Any CPU
		{F7312E50-2356-428A-B148-C619FAC47048}.Debug|Any CPU.Build.0 = Debug|Any CPU
		{F7312E50-2356-428A-B148-C619FAC47048}.Debug|x64.ActiveCfg = Debug|x64
		{F7312E50-2356-428A-B148-C619FAC47048}.Debug|x64.Build.0 = Debug|x64
		{F7312E50-2356-428A-B148-C619FAC47048}.Release|Any CPU.ActiveCfg = Release|Any CPU
		{F7312E50-2356-428A-B148-C619FAC47048}.Release|Any CPU.Build.0 = Release|Any CPU
		{F7312E50-2356-428A-B148-C619FAC47048}.Release|x64.ActiveCfg = Release|x64
		{F7312E50-2356-428A-B148-C619FAC47048}.Release|x64.Build.0 = Release|x64
	EndGlobalSection
	GlobalSection(SolutionProperties) = preSolution
		HideSolutionNode = FALSE
	EndGlobalSection
	GlobalSection(ExtensibilityGlobals) = postSolution
		SolutionGuid = {4D2EC1CA-9540-430A-A60F-C428BDCD1E5E}
	EndGlobalSection
EndGlobal
